
Microsoft Visual Studio Solution File, Format Version 12.00
# Visual Studio Version 17
VisualStudioVersion = 17.5.33530.505
MinimumVisualStudioVersion = 10.0.40219.1
Project("{9A19103F-16F7-4668-BE54-9A1E7A4F7556}") = "MultiAgentCopilot", "MultiAgentCopilot\MultiAgentCopilot.csproj", "{3450C557-BECA-4F6D-B414-5941129229A6}"
EndProject
Project("{FAE04EC0-301F-11D3-BF4B-00C04F79EFBC}") = "MCPServer", "MCPServer\MCPServer.csproj", "{8B3A187B-DF59-EFF4-34F3-CA37CC868C80}"
EndProject
Project("{FAE04EC0-301F-11D3-BF4B-00C04F79EFBC}") = "BankingModels", "BankingModels\BankingModels.csproj", "{D0563F89-6D36-4284-9914-446B78338037}"
EndProject
Global
	GlobalSection(SolutionConfigurationPlatforms) = preSolution
		Debug|Any CPU = Debug|Any CPU
		Publish|Any CPU = Publish|Any CPU
		Release|Any CPU = Release|Any CPU
	EndGlobalSection
	GlobalSection(ProjectConfigurationPlatforms) = postSolution
		{3450C557-BECA-4F6D-B414-5941129229A6}.Debug|Any CPU.ActiveCfg = Debug|Any CPU
		{3450C557-BECA-4F6D-B414-5941129229A6}.Debug|Any CPU.Build.0 = Debug|Any CPU
		{3450C557-BECA-4F6D-B414-5941129229A6}.Publish|Any CPU.ActiveCfg = Release|Any CPU
		{3450C557-BECA-4F6D-B414-5941129229A6}.Publish|Any CPU.Build.0 = Release|Any CPU
		{3450C557-BECA-4F6D-B414-5941129229A6}.Release|Any CPU.ActiveCfg = Release|Any CPU
		{3450C557-BECA-4F6D-B414-5941129229A6}.Release|Any CPU.Build.0 = Release|Any CPU
		{8B3A187B-DF59-EFF4-34F3-CA37CC868C80}.Debug|Any CPU.ActiveCfg = Debug|Any CPU
		{8B3A187B-DF59-EFF4-34F3-CA37CC868C80}.Debug|Any CPU.Build.0 = Debug|Any CPU
		{8B3A187B-DF59-EFF4-34F3-CA37CC868C80}.Publish|Any CPU.ActiveCfg = Release|Any CPU
		{8B3A187B-DF59-EFF4-34F3-CA37CC868C80}.Publish|Any CPU.Build.0 = Release|Any CPU
		{8B3A187B-DF59-EFF4-34F3-CA37CC868C80}.Release|Any CPU.ActiveCfg = Release|Any CPU
		{8B3A187B-DF59-EFF4-34F3-CA37CC868C80}.Release|Any CPU.Build.0 = Release|Any CPU
		{D0563F89-6D36-4284-9914-446B78338037}.Debug|Any CPU.ActiveCfg = Debug|Any CPU
		{D0563F89-6D36-4284-9914-446B78338037}.Debug|Any CPU.Build.0 = Debug|Any CPU
		{D0563F89-6D36-4284-9914-446B78338037}.Publish|Any CPU.ActiveCfg = Release|Any CPU
		{D0563F89-6D36-4284-9914-446B78338037}.Publish|Any CPU.Build.0 = Release|Any CPU
		{D0563F89-6D36-4284-9914-446B78338037}.Release|Any CPU.ActiveCfg = Release|Any CPU
		{D0563F89-6D36-4284-9914-446B78338037}.Release|Any CPU.Build.0 = Release|Any CPU
	EndGlobalSection
	GlobalSection(SolutionProperties) = preSolution
		HideSolutionNode = FALSE
	EndGlobalSection
	GlobalSection(ExtensibilityGlobals) = postSolution
		SolutionGuid = {FF5DE858-4B85-4EE8-8A6D-46E8E4FBA078}
	EndGlobalSection
EndGlobal
