
Microsoft Visual Studio Solution File, Format Version 12.00
# Visual Studio Version 17
VisualStudioVersion = 17.5.33530.505
MinimumVisualStudioVersion = 10.0.40219.1
Project("{9A19103F-16F7-4668-BE54-9A1E7A4F7556}") = "ChatAPI", "ChatAPI\ChatAPI.csproj", "{3450C557-BECA-4F6D-B414-5941129229A6}"
EndProject
Project("{9A19103F-16F7-4668-BE54-9A1E7A4F7556}") = "Common", "Common\Common.csproj", "{C90FD307-0EA7-41CF-8969-C6B44ACE4163}"
EndProject
Project("{FAE04EC0-301F-11D3-BF4B-00C04F79EFBC}") = "ChatInfrastructure", "ChatInfrastructure\ChatInfrastructure.csproj", "{3748CF64-765F-4175-A30A-486CF4B5DD05}"
EndProject
Project("{FAE04EC0-301F-11D3-BF4B-00C04F79EFBC}") = "BankingServices", "BankingAPI\BankingServices.csproj", "{F07EC624-489B-492A-9AA9-6FCF30DBE100}"
EndProject
Global
	GlobalSection(SolutionConfigurationPlatforms) = preSolution
		Debug|Any CPU = Debug|Any CPU
		Release|Any CPU = Release|Any CPU
	EndGlobalSection
	GlobalSection(ProjectConfigurationPlatforms) = postSolution
		{3450C557-BECA-4F6D-B414-5941129229A6}.Debug|Any CPU.ActiveCfg = Debug|Any CPU
		{3450C557-BECA-4F6D-B414-5941129229A6}.Debug|Any CPU.Build.0 = Debug|Any CPU
		{3450C557-BECA-4F6D-B414-5941129229A6}.Release|Any CPU.ActiveCfg = Release|Any CPU
		{3450C557-BECA-4F6D-B414-5941129229A6}.Release|Any CPU.Build.0 = Release|Any CPU
		{C90FD307-0EA7-41CF-8969-C6B44ACE4163}.Debug|Any CPU.ActiveCfg = Debug|Any CPU
		{C90FD307-0EA7-41CF-8969-C6B44ACE4163}.Debug|Any CPU.Build.0 = Debug|Any CPU
		{C90FD307-0EA7-41CF-8969-C6B44ACE4163}.Release|Any CPU.ActiveCfg = Release|Any CPU
		{C90FD307-0EA7-41CF-8969-C6B44ACE4163}.Release|Any CPU.Build.0 = Release|Any CPU
		{3748CF64-765F-4175-A30A-486CF4B5DD05}.Debug|Any CPU.ActiveCfg = Debug|Any CPU
		{3748CF64-765F-4175-A30A-486CF4B5DD05}.Debug|Any CPU.Build.0 = Debug|Any CPU
		{3748CF64-765F-4175-A30A-486CF4B5DD05}.Release|Any CPU.ActiveCfg = Release|Any CPU
		{3748CF64-765F-4175-A30A-486CF4B5DD05}.Release|Any CPU.Build.0 = Release|Any CPU
		{F07EC624-489B-492A-9AA9-6FCF30DBE100}.Debug|Any CPU.ActiveCfg = Debug|Any CPU
		{F07EC624-489B-492A-9AA9-6FCF30DBE100}.Debug|Any CPU.Build.0 = Debug|Any CPU
		{F07EC624-489B-492A-9AA9-6FCF30DBE100}.Release|Any CPU.ActiveCfg = Release|Any CPU
		{F07EC624-489B-492A-9AA9-6FCF30DBE100}.Release|Any CPU.Build.0 = Release|Any CPU
	EndGlobalSection
	GlobalSection(SolutionProperties) = preSolution
		HideSolutionNode = FALSE
	EndGlobalSection
	GlobalSection(ExtensibilityGlobals) = postSolution
		SolutionGuid = {FF5DE858-4B85-4EE8-8A6D-46E8E4FBA078}
	EndGlobalSection
EndGlobal
